
Microsoft Visual Studio Solution File, Format Version 12.00
# Visual Studio 15
VisualStudioVersion = 15.0.28307.489
MinimumVisualStudioVersion = 10.0.40219.1
Project("{FAE04EC0-301F-11D3-BF4B-00C04F79EFBC}") = "AirlineApp", "AirlineApp\AirlineApp.csproj", "{FBB52F15-37BD-4DDD-89F5-B2B35064EA67}"
EndProject
Global
	GlobalSection(SolutionConfigurationPlatforms) = preSolution
		Debug|Any CPU = Debug|Any CPU
		Release|Any CPU = Release|Any CPU
	EndGlobalSection
	GlobalSection(ProjectConfigurationPlatforms) = postSolution
		{FBB52F15-37BD-4DDD-89F5-B2B35064EA67}.Debug|Any CPU.ActiveCfg = Debug|Any CPU
		{FBB52F15-37BD-4DDD-89F5-B2B35064EA67}.Debug|Any CPU.Build.0 = Debug|Any CPU
		{FBB52F15-37BD-4DDD-89F5-B2B35064EA67}.Release|Any CPU.ActiveCfg = Release|Any CPU
		{FBB52F15-37BD-4DDD-89F5-B2B35064EA67}.Release|Any CPU.Build.0 = Release|Any CPU
	EndGlobalSection
	GlobalSection(SolutionProperties) = preSolution
		HideSolutionNode = FALSE
	EndGlobalSection
	GlobalSection(ExtensibilityGlobals) = postSolution
		SolutionGuid = {751E3D9D-51F9-4367-A5F3-99182D942FEC}
	EndGlobalSection
EndGlobal
